// !$*UTF8*$!
{
	archiveVersion = 1;
	classes = {
	};
	objectVersion = 55;
	objects = {

/* Begin PBXBuildFile section */
		EF1DEF9F2736C4B100CE6975 /* AppDelegate.swift in Sources */ = {isa = PBXBuildFile; fileRef = EF1DEF9E2736C4B100CE6975 /* AppDelegate.swift */; };
		EF1DEFA12736C4B100CE6975 /* ViewController.swift in Sources */ = {isa = PBXBuildFile; fileRef = EF1DEFA02736C4B100CE6975 /* ViewController.swift */; };
		EF1DEFA32736C4B200CE6975 /* Assets.xcassets in Resources */ = {isa = PBXBuildFile; fileRef = EF1DEFA22736C4B200CE6975 /* Assets.xcassets */; };
		EF1DEFA62736C4B200CE6975 /* Main.storyboard in Resources */ = {isa = PBXBuildFile; fileRef = EF1DEFA42736C4B200CE6975 /* Main.storyboard */; };
		EF1DEFAE2736D7C300CE6975 /* Segmentation.swift in Sources */ = {isa = PBXBuildFile; fileRef = EF1DEFAD2736D7C300CE6975 /* Segmentation.swift */; };
		EF1DEFB02736DBB100CE6975 /* SegmentationViewController.swift in Sources */ = {isa = PBXBuildFile; fileRef = EF1DEFAF2736DBB100CE6975 /* SegmentationViewController.swift */; };
/* End PBXBuildFile section */

/* Begin PBXFileReference section */
		EF1DEF9B2736C4B100CE6975 /* PersonSegmentation.app */ = {isa = PBXFileReference; explicitFileType = wrapper.application; includeInIndex = 0; path = PersonSegmentation.app; sourceTree = BUILT_PRODUCTS_DIR; };
		EF1DEF9E2736C4B100CE6975 /* AppDelegate.swift */ = {isa = PBXFileReference; lastKnownFileType = sourcecode.swift; path = AppDelegate.swift; sourceTree = "<group>"; };
		EF1DEFA02736C4B100CE6975 /* ViewController.swift */ = {isa = PBXFileReference; lastKnownFileType = sourcecode.swift; path = ViewController.swift; sourceTree = "<group>"; };
		EF1DEFA22736C4B200CE6975 /* Assets.xcassets */ = {isa = PBXFileReference; lastKnownFileType = folder.assetcatalog; path = Assets.xcassets; sourceTree = "<group>"; };
		EF1DEFA52736C4B200CE6975 /* Base */ = {isa = PBXFileReference; lastKnownFileType = file.storyboard; name = Base; path = Base.lproj/Main.storyboard; sourceTree = "<group>"; };
		EF1DEFA72736C4B200CE6975 /* PersonSegmentation.entitlements */ = {isa = PBXFileReference; lastKnownFileType = text.plist.entitlements; path = PersonSegmentation.entitlements; sourceTree = "<group>"; };
		EF1DEFAD2736D7C300CE6975 /* Segmentation.swift */ = {isa = PBXFileReference; lastKnownFileType = sourcecode.swift; path = Segmentation.swift; sourceTree = "<group>"; };
		EF1DEFAF2736DBB100CE6975 /* SegmentationViewController.swift */ = {isa = PBXFileReference; lastKnownFileType = sourcecode.swift; path = SegmentationViewController.swift; sourceTree = "<group>"; };
/* End PBXFileReference section */

/* Begin PBXFrameworksBuildPhase section */
		EF1DEF982736C4B100CE6975 /* Frameworks */ = {
			isa = PBXFrameworksBuildPhase;
			buildActionMask = 2147483647;
			files = (
			);
			runOnlyForDeploymentPostprocessing = 0;
		};
/* End PBXFrameworksBuildPhase section */

/* Begin PBXGroup section */
		EF1DEF922736C4B100CE6975 = {
			isa = PBXGroup;
			children = (
				EF1DEF9D2736C4B100CE6975 /* PersonSegmentation */,
				EF1DEF9C2736C4B100CE6975 /* Products */,
			);
			sourceTree = "<group>";
		};
		EF1DEF9C2736C4B100CE6975 /* Products */ = {
			isa = PBXGroup;
			children = (
				EF1DEF9B2736C4B100CE6975 /* PersonSegmentation.app */,
			);
			name = Products;
			sourceTree = "<group>";
		};
		EF1DEF9D2736C4B100CE6975 /* PersonSegmentation */ = {
			isa = PBXGroup;
			children = (
				EF1DEFB32736F95600CE6975 /* ViewControllers */,
				EF1DEF9E2736C4B100CE6975 /* AppDelegate.swift */,
				EF1DEFA22736C4B200CE6975 /* Assets.xcassets */,
				EF1DEFA42736C4B200CE6975 /* Main.storyboard */,
				EF1DEFA72736C4B200CE6975 /* PersonSegmentation.entitlements */,
				EF1DEFAD2736D7C300CE6975 /* Segmentation.swift */,
			);
			path = PersonSegmentation;
			sourceTree = "<group>";
		};
		EF1DEFB32736F95600CE6975 /* ViewControllers */ = {
			isa = PBXGroup;
			children = (
				EF1DEFA02736C4B100CE6975 /* ViewController.swift */,
				EF1DEFAF2736DBB100CE6975 /* SegmentationViewController.swift */,
			);
			path = ViewControllers;
			sourceTree = "<group>";
		};
/* End PBXGroup section */

/* Begin PBXNativeTarget section */
		EF1DEF9A2736C4B100CE6975 /* PersonSegmentation */ = {
			isa = PBXNativeTarget;
			buildConfigurationList = EF1DEFAA2736C4B200CE6975 /* Build configuration list for PBXNativeTarget "PersonSegmentation" */;
			buildPhases = (
				EF1DEF972736C4B100CE6975 /* Sources */,
				EF1DEF982736C4B100CE6975 /* Frameworks */,
				EF1DEF992736C4B100CE6975 /* Resources */,
			);
			buildRules = (
			);
			dependencies = (
			);
			name = PersonSegmentation;
			productName = PersonSegmentation;
			productReference = EF1DEF9B2736C4B100CE6975 /* PersonSegmentation.app */;
			productType = "com.apple.product-type.application";
		};
/* End PBXNativeTarget section */

/* Begin PBXProject section */
		EF1DEF932736C4B100CE6975 /* Project object */ = {
			isa = PBXProject;
			attributes = {
				BuildIndependentTargetsInParallel = 1;
				LastSwiftUpdateCheck = 1310;
				LastUpgradeCheck = 1310;
				TargetAttributes = {
					EF1DEF9A2736C4B100CE6975 = {
						CreatedOnToolsVersion = 13.1;
					};
				};
			};
			buildConfigurationList = EF1DEF962736C4B100CE6975 /* Build configuration list for PBXProject "PersonSegmentation" */;
			compatibilityVersion = "Xcode 13.0";
			developmentRegion = en;
			hasScannedForEncodings = 0;
			knownRegions = (
				en,
				Base,
			);
			mainGroup = EF1DEF922736C4B100CE6975;
			productRefGroup = EF1DEF9C2736C4B100CE6975 /* Products */;
			projectDirPath = "";
			projectRoot = "";
			targets = (
				EF1DEF9A2736C4B100CE6975 /* PersonSegmentation */,
			);
		};
/* End PBXProject section */

/* Begin PBXResourcesBuildPhase section */
		EF1DEF992736C4B100CE6975 /* Resources */ = {
			isa = PBXResourcesBuildPhase;
			buildActionMask = 2147483647;
			files = (
				EF1DEFA32736C4B200CE6975 /* Assets.xcassets in Resources */,
				EF1DEFA62736C4B200CE6975 /* Main.storyboard in Resources */,
			);
			runOnlyForDeploymentPostprocessing = 0;
		};
/* End PBXResourcesBuildPhase section */

/* Begin PBXSourcesBuildPhase section */
		EF1DEF972736C4B100CE6975 /* Sources */ = {
			isa = PBXSourcesBuildPhase;
			buildActionMask = 2147483647;
			files = (
				EF1DEFB02736DBB100CE6975 /* SegmentationViewController.swift in Sources */,
				EF1DEFA12736C4B100CE6975 /* ViewController.swift in Sources */,
				EF1DEF9F2736C4B100CE6975 /* AppDelegate.swift in Sources */,
				EF1DEFAE2736D7C300CE6975 /* Segmentation.swift in Sources */,
			);
			runOnlyForDeploymentPostprocessing = 0;
		};
/* End PBXSourcesBuildPhase section */

/* Begin PBXVariantGroup section */
		EF1DEFA42736C4B200CE6975 /* Main.storyboard */ = {
			isa = PBXVariantGroup;
			children = (
				EF1DEFA52736C4B200CE6975 /* Base */,
			);
			name = Main.storyboard;
			sourceTree = "<group>";
		};
/* End PBXVariantGroup section */

/* Begin XCBuildConfiguration section */
		EF1DEFA82736C4B200CE6975 /* Debug */ = {
			isa = XCBuildConfiguration;
			buildSettings = {
				ALWAYS_SEARCH_USER_PATHS = NO;
				CLANG_ANALYZER_NONNULL = YES;
				CLANG_ANALYZER_NUMBER_OBJECT_CONVERSION = YES_AGGRESSIVE;
				CLANG_CXX_LANGUAGE_STANDARD = "gnu++17";
				CLANG_CXX_LIBRARY = "libc++";
				CLANG_ENABLE_MODULES = YES;
				CLANG_ENABLE_OBJC_ARC = YES;
				CLANG_ENABLE_OBJC_WEAK = YES;
				CLANG_WARN_BLOCK_CAPTURE_AUTORELEASING = YES;
				CLANG_WARN_BOOL_CONVERSION = YES;
				CLANG_WARN_COMMA = YES;
				CLANG_WARN_CONSTANT_CONVERSION = YES;
				CLANG_WARN_DEPRECATED_OBJC_IMPLEMENTATIONS = YES;
				CLANG_WARN_DIRECT_OBJC_ISA_USAGE = YES_ERROR;
				CLANG_WARN_DOCUMENTATION_COMMENTS = YES;
				CLANG_WARN_EMPTY_BODY = YES;
				CLANG_WARN_ENUM_CONVERSION = YES;
				CLANG_WARN_INFINITE_RECURSION = YES;
				CLANG_WARN_INT_CONVERSION = YES;
				CLANG_WARN_NON_LITERAL_NULL_CONVERSION = YES;
				CLANG_WARN_OBJC_IMPLICIT_RETAIN_SELF = YES;
				CLANG_WARN_OBJC_LITERAL_CONVERSION = YES;
				CLANG_WARN_OBJC_ROOT_CLASS = YES_ERROR;
				CLANG_WARN_QUOTED_INCLUDE_IN_FRAMEWORK_HEADER = YES;
				CLANG_WARN_RANGE_LOOP_ANALYSIS = YES;
				CLANG_WARN_STRICT_PROTOTYPES = YES;
				CLANG_WARN_SUSPICIOUS_MOVE = YES;
				CLANG_WARN_UNGUARDED_AVAILABILITY = YES_AGGRESSIVE;
				CLANG_WARN_UNREACHABLE_CODE = YES;
				CLANG_WARN__DUPLICATE_METHOD_MATCH = YES;
				COPY_PHASE_STRIP = NO;
				DEBUG_INFORMATION_FORMAT = dwarf;
				ENABLE_STRICT_OBJC_MSGSEND = YES;
				ENABLE_TESTABILITY = YES;
				GCC_C_LANGUAGE_STANDARD = gnu11;
				GCC_DYNAMIC_NO_PIC = NO;
				GCC_NO_COMMON_BLOCKS = YES;
				GCC_OPTIMIZATION_LEVEL = 0;
				GCC_PREPROCESSOR_DEFINITIONS = (
					"DEBUG=1",
					"$(inherited)",
				);
				GCC_WARN_64_TO_32_BIT_CONVERSION = YES;
				GCC_WARN_ABOUT_RETURN_TYPE = YES_ERROR;
				GCC_WARN_UNDECLARED_SELECTOR = YES;
				GCC_WARN_UNINITIALIZED_AUTOS = YES_AGGRESSIVE;
				GCC_WARN_UNUSED_FUNCTION = YES;
				GCC_WARN_UNUSED_VARIABLE = YES;
				MACOSX_DEPLOYMENT_TARGET = 12.0;
				MTL_ENABLE_DEBUG_INFO = INCLUDE_SOURCE;
				MTL_FAST_MATH = YES;
				ONLY_ACTIVE_ARCH = YES;
				SDKROOT = macosx;
				SWIFT_ACTIVE_COMPILATION_CONDITIONS = DEBUG;
				SWIFT_OPTIMIZATION_LEVEL = "-Onone";
			};
			name = Debug;
		};
		EF1DEFA92736C4B200CE6975 /* Release */ = {
			isa = XCBuildConfiguration;
			buildSettings = {
				ALWAYS_SEARCH_USER_PATHS = NO;
				CLANG_ANALYZER_NONNULL = YES;
				CLANG_ANALYZER_NUMBER_OBJECT_CONVERSION = YES_AGGRESSIVE;
				CLANG_CXX_LANGUAGE_STANDARD = "gnu++17";
				CLANG_CXX_LIBRARY = "libc++";
				CLANG_ENABLE_MODULES = YES;
				CLANG_ENABLE_OBJC_ARC = YES;
				CLANG_ENABLE_OBJC_WEAK = YES;
				CLANG_WARN_BLOCK_CAPTURE_AUTORELEASING = YES;
				CLANG_WARN_BOOL_CONVERSION = YES;
				CLANG_WARN_COMMA = YES;
				CLANG_WARN_CONSTANT_CONVERSION = YES;
				CLANG_WARN_DEPRECATED_OBJC_IMPLEMENTATIONS = YES;
				CLANG_WARN_DIRECT_OBJC_ISA_USAGE = YES_ERROR;
				CLANG_WARN_DOCUMENTATION_COMMENTS = YES;
				CLANG_WARN_EMPTY_BODY = YES;
				CLANG_WARN_ENUM_CONVERSION = YES;
				CLANG_WARN_INFINITE_RECURSION = YES;
				CLANG_WARN_INT_CONVERSION = YES;
				CLANG_WARN_NON_LITERAL_NULL_CONVERSION = YES;
				CLANG_WARN_OBJC_IMPLICIT_RETAIN_SELF = YES;
				CLANG_WARN_OBJC_LITERAL_CONVERSION = YES;
				CLANG_WARN_OBJC_ROOT_CLASS = YES_ERROR;
				CLANG_WARN_QUOTED_INCLUDE_IN_FRAMEWORK_HEADER = YES;
				CLANG_WARN_RANGE_LOOP_ANALYSIS = YES;
				CLANG_WARN_STRICT_PROTOTYPES = YES;
				CLANG_WARN_SUSPICIOUS_MOVE = YES;
				CLANG_WARN_UNGUARDED_AVAILABILITY = YES_AGGRESSIVE;
				CLANG_WARN_UNREACHABLE_CODE = YES;
				CLANG_WARN__DUPLICATE_METHOD_MATCH = YES;
				COPY_PHASE_STRIP = NO;
				DEBUG_INFORMATION_FORMAT = "dwarf-with-dsym";
				ENABLE_NS_ASSERTIONS = NO;
				ENABLE_STRICT_OBJC_MSGSEND = YES;
				GCC_C_LANGUAGE_STANDARD = gnu11;
				GCC_NO_COMMON_BLOCKS = YES;
				GCC_WARN_64_TO_32_BIT_CONVERSION = YES;
				GCC_WARN_ABOUT_RETURN_TYPE = YES_ERROR;
				GCC_WARN_UNDECLARED_SELECTOR = YES;
				GCC_WARN_UNINITIALIZED_AUTOS = YES_AGGRESSIVE;
				GCC_WARN_UNUSED_FUNCTION = YES;
				GCC_WARN_UNUSED_VARIABLE = YES;
				MACOSX_DEPLOYMENT_TARGET = 12.0;
				MTL_ENABLE_DEBUG_INFO = NO;
				MTL_FAST_MATH = YES;
				SDKROOT = macosx;
				SWIFT_COMPILATION_MODE = wholemodule;
				SWIFT_OPTIMIZATION_LEVEL = "-O";
			};
			name = Release;
		};
		EF1DEFAB2736C4B200CE6975 /* Debug */ = {
			isa = XCBuildConfiguration;
			buildSettings = {
				ASSETCATALOG_COMPILER_APPICON_NAME = AppIcon;
				ASSETCATALOG_COMPILER_GLOBAL_ACCENT_COLOR_NAME = AccentColor;
				CODE_SIGN_ENTITLEMENTS = PersonSegmentation/PersonSegmentation.entitlements;
				CODE_SIGN_STYLE = Automatic;
				COMBINE_HIDPI_IMAGES = YES;
				CURRENT_PROJECT_VERSION = 1;
				DEVELOPMENT_TEAM = ZTJ55TM37B;
				ENABLE_HARDENED_RUNTIME = YES;
				GENERATE_INFOPLIST_FILE = YES;
				INFOPLIST_KEY_NSHumanReadableCopyright = "";
				INFOPLIST_KEY_NSMainStoryboardFile = Main;
				INFOPLIST_KEY_NSPrincipalClass = NSApplication;
				LD_RUNPATH_SEARCH_PATHS = (
					"$(inherited)",
					"@executable_path/../Frameworks",
				);
				MARKETING_VERSION = 1.0;
				PRODUCT_BUNDLE_IDENTIFIER = com.bluenose.PersonSegmentation;
				PRODUCT_NAME = "$(TARGET_NAME)";
				SWIFT_EMIT_LOC_STRINGS = YES;
				SWIFT_VERSION = 5.0;
			};
			name = Debug;
		};
		EF1DEFAC2736C4B200CE6975 /* Release */ = {
			isa = XCBuildConfiguration;
			buildSettings = {
				ASSETCATALOG_COMPILER_APPICON_NAME = AppIcon;
				ASSETCATALOG_COMPILER_GLOBAL_ACCENT_COLOR_NAME = AccentColor;
				CODE_SIGN_ENTITLEMENTS = PersonSegmentation/PersonSegmentation.entitlements;
				CODE_SIGN_STYLE = Automatic;
				COMBINE_HIDPI_IMAGES = YES;
				CURRENT_PROJECT_VERSION = 1;
				DEVELOPMENT_TEAM = ZTJ55TM37B;
				ENABLE_HARDENED_RUNTIME = YES;
				GENERATE_INFOPLIST_FILE = YES;
				INFOPLIST_KEY_NSHumanReadableCopyright = "";
				INFOPLIST_KEY_NSMainStoryboardFile = Main;
				INFOPLIST_KEY_NSPrincipalClass = NSApplication;
				LD_RUNPATH_SEARCH_PATHS = (
					"$(inherited)",
					"@executable_path/../Frameworks",
				);
				MARKETING_VERSION = 1.0;
				PRODUCT_BUNDLE_IDENTIFIER = com.bluenose.PersonSegmentation;
				PRODUCT_NAME = "$(TARGET_NAME)";
				SWIFT_EMIT_LOC_STRINGS = YES;
				SWIFT_VERSION = 5.0;
			};
			name = Release;
		};
/* End XCBuildConfiguration section */

/* Begin XCConfigurationList section */
		EF1DEF962736C4B100CE6975 /* Build configuration list for PBXProject "PersonSegmentation" */ = {
			isa = XCConfigurationList;
			buildConfigurations = (
				EF1DEFA82736C4B200CE6975 /* Debug */,
				EF1DEFA92736C4B200CE6975 /* Release */,
			);
			defaultConfigurationIsVisible = 0;
			defaultConfigurationName = Release;
		};
		EF1DEFAA2736C4B200CE6975 /* Build configuration list for PBXNativeTarget "PersonSegmentation" */ = {
			isa = XCConfigurationList;
			buildConfigurations = (
				EF1DEFAB2736C4B200CE6975 /* Debug */,
				EF1DEFAC2736C4B200CE6975 /* Release */,
			);
			defaultConfigurationIsVisible = 0;
			defaultConfigurationName = Release;
		};
/* End XCConfigurationList section */
	};
	rootObject = EF1DEF932736C4B100CE6975 /* Project object */;
}
